// !$*UTF8*$!
{
	archiveVersion = 1;
	classes = {
	};
	objectVersion = 56;
	objects = {

/* Begin PBXBuildFile section */
		711AE8922A62066D0088470D /* CarouselView.swift in Sources */ = {isa = PBXBuildFile; fileRef = 711AE8912A62066D0088470D /* CarouselView.swift */; };
		712FB1282A31009F00644BE5 /* StringPluralization.swift in Sources */ = {isa = PBXBuildFile; fileRef = 712FB1272A31009F00644BE5 /* StringPluralization.swift */; };
		713B3AC42A4228790049D6F4 /* LoadingView.swift in Sources */ = {isa = PBXBuildFile; fileRef = 713B3AC32A4228790049D6F4 /* LoadingView.swift */; };
		713CE0C42A44F8B500442D5E /* SoundEffects.swift in Sources */ = {isa = PBXBuildFile; fileRef = 713CE0C32A44F8B500442D5E /* SoundEffects.swift */; };
		713CE0C82A44FC1200442D5E /* tada.mp3 in Resources */ = {isa = PBXBuildFile; fileRef = 713CE0C62A44FC1200442D5E /* tada.mp3 */; };
		713CE0C92A44FC1200442D5E /* duck.mp3 in Resources */ = {isa = PBXBuildFile; fileRef = 713CE0C72A44FC1200442D5E /* duck.mp3 */; };
		715469512A266A5300C89214 /* DefaultButtonViewModifier.swift in Sources */ = {isa = PBXBuildFile; fileRef = 715469502A266A5300C89214 /* DefaultButtonViewModifier.swift */; };
		7169B5742A2A8D3500C49719 /* MenuBootcamp.swift in Sources */ = {isa = PBXBuildFile; fileRef = 7169B5732A2A8D3500C49719 /* MenuBootcamp.swift */; };
		716B195B2A6F21440048999F /* FoodListView.swift in Sources */ = {isa = PBXBuildFile; fileRef = 716B195A2A6F21440048999F /* FoodListView.swift */; };
		716B195D2A6F217B0048999F /* Food.swift in Sources */ = {isa = PBXBuildFile; fileRef = 716B195C2A6F217B0048999F /* Food.swift */; };
		716B19612A6F21A10048999F /* FoodListViewModel.swift in Sources */ = {isa = PBXBuildFile; fileRef = 716B19602A6F21A10048999F /* FoodListViewModel.swift */; };
		716B19652A6F22580048999F /* FoodListDataService.swift in Sources */ = {isa = PBXBuildFile; fileRef = 716B19642A6F22580048999F /* FoodListDataService.swift */; };
		716B19672A6F26120048999F /* FoodView.swift in Sources */ = {isa = PBXBuildFile; fileRef = 716B19662A6F26120048999F /* FoodView.swift */; };
		71759EA12A1544A2009C5BA2 /* SwiftUIWithKimApp.swift in Sources */ = {isa = PBXBuildFile; fileRef = 71759EA02A1544A2009C5BA2 /* SwiftUIWithKimApp.swift */; };
		71759EA32A1544A2009C5BA2 /* ContentView.swift in Sources */ = {isa = PBXBuildFile; fileRef = 71759EA22A1544A2009C5BA2 /* ContentView.swift */; };
		71759EA52A1544A5009C5BA2 /* Assets.xcassets in Resources */ = {isa = PBXBuildFile; fileRef = 71759EA42A1544A5009C5BA2 /* Assets.xcassets */; };
		71759EA82A1544A5009C5BA2 /* Preview Assets.xcassets in Resources */ = {isa = PBXBuildFile; fileRef = 71759EA72A1544A5009C5BA2 /* Preview Assets.xcassets */; };
		71759EB22A1544A5009C5BA2 /* SwiftUIWithKimTests.swift in Sources */ = {isa = PBXBuildFile; fileRef = 71759EB12A1544A5009C5BA2 /* SwiftUIWithKimTests.swift */; };
		71759EBC2A1544A5009C5BA2 /* SwiftUIWithKimUITests.swift in Sources */ = {isa = PBXBuildFile; fileRef = 71759EBB2A1544A5009C5BA2 /* SwiftUIWithKimUITests.swift */; };
		71759EBE2A1544A5009C5BA2 /* SwiftUIWithKimUITestsLaunchTests.swift in Sources */ = {isa = PBXBuildFile; fileRef = 71759EBD2A1544A5009C5BA2 /* SwiftUIWithKimUITestsLaunchTests.swift */; };
		71759ECD2A15455F009C5BA2 /* AnimatedButton.swift in Sources */ = {isa = PBXBuildFile; fileRef = 71759ECC2A15455F009C5BA2 /* AnimatedButton.swift */; };
		7178541F2A5F5F7000568D86 /* SwipeView.swift in Sources */ = {isa = PBXBuildFile; fileRef = 7178541E2A5F5F7000568D86 /* SwipeView.swift */; };
		7178C7A92A47E89E009707A0 /* ButtonStyleLearning.swift in Sources */ = {isa = PBXBuildFile; fileRef = 7178C7A82A47E89E009707A0 /* ButtonStyleLearning.swift */; };
		7180B2632A16B992001D4A1E /* CustomizedHeader.swift in Sources */ = {isa = PBXBuildFile; fileRef = 7180B2622A16B992001D4A1E /* CustomizedHeader.swift */; };
		7180B27A2A182929001D4A1E /* DoubleExtension.swift in Sources */ = {isa = PBXBuildFile; fileRef = 7180B2792A182929001D4A1E /* DoubleExtension.swift */; };
		7180B27D2A19845F001D4A1E /* SearchView.swift in Sources */ = {isa = PBXBuildFile; fileRef = 7180B27C2A19845F001D4A1E /* SearchView.swift */; };
		7180B27F2A1989AC001D4A1E /* SearchBarView.swift in Sources */ = {isa = PBXBuildFile; fileRef = 7180B27E2A1989AC001D4A1E /* SearchBarView.swift */; };
		7180B2822A1AB850001D4A1E /* LoginView.swift in Sources */ = {isa = PBXBuildFile; fileRef = 7180B2812A1AB850001D4A1E /* LoginView.swift */; };
		7180B2842A1ABAE5001D4A1E /* UIApplicationExtension.swift in Sources */ = {isa = PBXBuildFile; fileRef = 7180B2832A1ABAE5001D4A1E /* UIApplicationExtension.swift */; };
		718932AD2A4A5F9500D320D2 /* TabBarBadge.swift in Sources */ = {isa = PBXBuildFile; fileRef = 718932AC2A4A5F9500D320D2 /* TabBarBadge.swift */; };
		718932B02A4CE1DC00D320D2 /* RegistrationView.swift in Sources */ = {isa = PBXBuildFile; fileRef = 718932AF2A4CE1DC00D320D2 /* RegistrationView.swift */; };
		718EEA642A1CFFF3000625CB /* CheckedContinuation.swift in Sources */ = {isa = PBXBuildFile; fileRef = 718EEA632A1CFFF3000625CB /* CheckedContinuation.swift */; };
		718EEA672A1E591F000625CB /* AnimatedChart.swift in Sources */ = {isa = PBXBuildFile; fileRef = 718EEA662A1E591F000625CB /* AnimatedChart.swift */; };
		718EEA6A2A1FBA6B000625CB /* HepticView.swift in Sources */ = {isa = PBXBuildFile; fileRef = 718EEA692A1FBA6B000625CB /* HepticView.swift */; };
		71A995F42A1BB3B800557DEC /* ListRefreshView.swift in Sources */ = {isa = PBXBuildFile; fileRef = 71A995F32A1BB3B800557DEC /* ListRefreshView.swift */; };
		71C95CEA2A6AE66600B9C7EA /* GradientButtons.swift in Sources */ = {isa = PBXBuildFile; fileRef = 71C95CE92A6AE66600B9C7EA /* GradientButtons.swift */; };
		71D235172A28F90900A4E3BA /* SFSymbols.swift in Sources */ = {isa = PBXBuildFile; fileRef = 71D235162A28F90900A4E3BA /* SFSymbols.swift */; };
		71E7BA972A65F0D6003029E8 /* InfiniteScrollView.swift in Sources */ = {isa = PBXBuildFile; fileRef = 71E7BA962A65F0D6003029E8 /* InfiniteScrollView.swift */; };
		71E7BA992A65F0E8003029E8 /* Animal.swift in Sources */ = {isa = PBXBuildFile; fileRef = 71E7BA982A65F0E8003029E8 /* Animal.swift */; };
		71E7BA9B2A65F111003029E8 /* AnimalArrayObject.swift in Sources */ = {isa = PBXBuildFile; fileRef = 71E7BA9A2A65F111003029E8 /* AnimalArrayObject.swift */; };
		71E7BAA82A68943E003029E8 /* LikeAnimationView.swift in Sources */ = {isa = PBXBuildFile; fileRef = 71E7BAA72A68943E003029E8 /* LikeAnimationView.swift */; };
		71E7BAAA2A68951A003029E8 /* LikeView.swift in Sources */ = {isa = PBXBuildFile; fileRef = 71E7BAA92A68951A003029E8 /* LikeView.swift */; };
		71F57DA12A51CF8C00211449 /* RatingView.swift in Sources */ = {isa = PBXBuildFile; fileRef = 71F57DA02A51CF8C00211449 /* RatingView.swift */; };
		71F62E202A5B777D00DD4F27 /* PostView.swift in Sources */ = {isa = PBXBuildFile; fileRef = 71F62E1F2A5B777D00DD4F27 /* PostView.swift */; };
/* End PBXBuildFile section */

/* Begin PBXContainerItemProxy section */
		71759EAE2A1544A5009C5BA2 /* PBXContainerItemProxy */ = {
			isa = PBXContainerItemProxy;
			containerPortal = 71759E952A1544A2009C5BA2 /* Project object */;
			proxyType = 1;
			remoteGlobalIDString = 71759E9C2A1544A2009C5BA2;
			remoteInfo = SwiftUIWithKim;
		};
		71759EB82A1544A5009C5BA2 /* PBXContainerItemProxy */ = {
			isa = PBXContainerItemProxy;
			containerPortal = 71759E952A1544A2009C5BA2 /* Project object */;
			proxyType = 1;
			remoteGlobalIDString = 71759E9C2A1544A2009C5BA2;
			remoteInfo = SwiftUIWithKim;
		};
/* End PBXContainerItemProxy section */

/* Begin PBXFileReference section */
		711AE8912A62066D0088470D /* CarouselView.swift */ = {isa = PBXFileReference; lastKnownFileType = sourcecode.swift; path = CarouselView.swift; sourceTree = "<group>"; };
		712FB1272A31009F00644BE5 /* StringPluralization.swift */ = {isa = PBXFileReference; lastKnownFileType = sourcecode.swift; path = StringPluralization.swift; sourceTree = "<group>"; };
		713B3AC32A4228790049D6F4 /* LoadingView.swift */ = {isa = PBXFileReference; lastKnownFileType = sourcecode.swift; path = LoadingView.swift; sourceTree = "<group>"; };
		713CE0C32A44F8B500442D5E /* SoundEffects.swift */ = {isa = PBXFileReference; lastKnownFileType = sourcecode.swift; path = SoundEffects.swift; sourceTree = "<group>"; };
		713CE0C62A44FC1200442D5E /* tada.mp3 */ = {isa = PBXFileReference; lastKnownFileType = audio.mp3; path = tada.mp3; sourceTree = "<group>"; };
		713CE0C72A44FC1200442D5E /* duck.mp3 */ = {isa = PBXFileReference; lastKnownFileType = audio.mp3; path = duck.mp3; sourceTree = "<group>"; };
		715469502A266A5300C89214 /* DefaultButtonViewModifier.swift */ = {isa = PBXFileReference; lastKnownFileType = sourcecode.swift; path = DefaultButtonViewModifier.swift; sourceTree = "<group>"; };
		7169B5732A2A8D3500C49719 /* MenuBootcamp.swift */ = {isa = PBXFileReference; lastKnownFileType = sourcecode.swift; path = MenuBootcamp.swift; sourceTree = "<group>"; };
		716B195A2A6F21440048999F /* FoodListView.swift */ = {isa = PBXFileReference; lastKnownFileType = sourcecode.swift; path = FoodListView.swift; sourceTree = "<group>"; };
		716B195C2A6F217B0048999F /* Food.swift */ = {isa = PBXFileReference; lastKnownFileType = sourcecode.swift; path = Food.swift; sourceTree = "<group>"; };
		716B19602A6F21A10048999F /* FoodListViewModel.swift */ = {isa = PBXFileReference; lastKnownFileType = sourcecode.swift; path = FoodListViewModel.swift; sourceTree = "<group>"; };
		716B19642A6F22580048999F /* FoodListDataService.swift */ = {isa = PBXFileReference; lastKnownFileType = sourcecode.swift; path = FoodListDataService.swift; sourceTree = "<group>"; };
		716B19662A6F26120048999F /* FoodView.swift */ = {isa = PBXFileReference; lastKnownFileType = sourcecode.swift; path = FoodView.swift; sourceTree = "<group>"; };
		71759E9D2A1544A2009C5BA2 /* SwiftUIWithKim.app */ = {isa = PBXFileReference; explicitFileType = wrapper.application; includeInIndex = 0; path = SwiftUIWithKim.app; sourceTree = BUILT_PRODUCTS_DIR; };
		71759EA02A1544A2009C5BA2 /* SwiftUIWithKimApp.swift */ = {isa = PBXFileReference; lastKnownFileType = sourcecode.swift; path = SwiftUIWithKimApp.swift; sourceTree = "<group>"; };
		71759EA22A1544A2009C5BA2 /* ContentView.swift */ = {isa = PBXFileReference; lastKnownFileType = sourcecode.swift; path = ContentView.swift; sourceTree = "<group>"; };
		71759EA42A1544A5009C5BA2 /* Assets.xcassets */ = {isa = PBXFileReference; lastKnownFileType = folder.assetcatalog; path = Assets.xcassets; sourceTree = "<group>"; };
		71759EA72A1544A5009C5BA2 /* Preview Assets.xcassets */ = {isa = PBXFileReference; lastKnownFileType = folder.assetcatalog; path = "Preview Assets.xcassets"; sourceTree = "<group>"; };
		71759EAD2A1544A5009C5BA2 /* SwiftUIWithKimTests.xctest */ = {isa = PBXFileReference; explicitFileType = wrapper.cfbundle; includeInIndex = 0; path = SwiftUIWithKimTests.xctest; sourceTree = BUILT_PRODUCTS_DIR; };
		71759EB12A1544A5009C5BA2 /* SwiftUIWithKimTests.swift */ = {isa = PBXFileReference; lastKnownFileType = sourcecode.swift; path = SwiftUIWithKimTests.swift; sourceTree = "<group>"; };
		71759EB72A1544A5009C5BA2 /* SwiftUIWithKimUITests.xctest */ = {isa = PBXFileReference; explicitFileType = wrapper.cfbundle; includeInIndex = 0; path = SwiftUIWithKimUITests.xctest; sourceTree = BUILT_PRODUCTS_DIR; };
		71759EBB2A1544A5009C5BA2 /* SwiftUIWithKimUITests.swift */ = {isa = PBXFileReference; lastKnownFileType = sourcecode.swift; path = SwiftUIWithKimUITests.swift; sourceTree = "<group>"; };
		71759EBD2A1544A5009C5BA2 /* SwiftUIWithKimUITestsLaunchTests.swift */ = {isa = PBXFileReference; lastKnownFileType = sourcecode.swift; path = SwiftUIWithKimUITestsLaunchTests.swift; sourceTree = "<group>"; };
		71759ECC2A15455F009C5BA2 /* AnimatedButton.swift */ = {isa = PBXFileReference; lastKnownFileType = sourcecode.swift; path = AnimatedButton.swift; sourceTree = "<group>"; };
		7178541E2A5F5F7000568D86 /* SwipeView.swift */ = {isa = PBXFileReference; lastKnownFileType = sourcecode.swift; path = SwipeView.swift; sourceTree = "<group>"; };
		7178C7A82A47E89E009707A0 /* ButtonStyleLearning.swift */ = {isa = PBXFileReference; lastKnownFileType = sourcecode.swift; path = ButtonStyleLearning.swift; sourceTree = "<group>"; };
		7180B2622A16B992001D4A1E /* CustomizedHeader.swift */ = {isa = PBXFileReference; lastKnownFileType = sourcecode.swift; path = CustomizedHeader.swift; sourceTree = "<group>"; };
		7180B2792A182929001D4A1E /* DoubleExtension.swift */ = {isa = PBXFileReference; lastKnownFileType = sourcecode.swift; path = DoubleExtension.swift; sourceTree = "<group>"; };
		7180B27C2A19845F001D4A1E /* SearchView.swift */ = {isa = PBXFileReference; lastKnownFileType = sourcecode.swift; path = SearchView.swift; sourceTree = "<group>"; };
		7180B27E2A1989AC001D4A1E /* SearchBarView.swift */ = {isa = PBXFileReference; lastKnownFileType = sourcecode.swift; path = SearchBarView.swift; sourceTree = "<group>"; };
		7180B2812A1AB850001D4A1E /* LoginView.swift */ = {isa = PBXFileReference; lastKnownFileType = sourcecode.swift; path = LoginView.swift; sourceTree = "<group>"; };
		7180B2832A1ABAE5001D4A1E /* UIApplicationExtension.swift */ = {isa = PBXFileReference; lastKnownFileType = sourcecode.swift; path = UIApplicationExtension.swift; sourceTree = "<group>"; };
		718932AC2A4A5F9500D320D2 /* TabBarBadge.swift */ = {isa = PBXFileReference; lastKnownFileType = sourcecode.swift; path = TabBarBadge.swift; sourceTree = "<group>"; };
		718932AF2A4CE1DC00D320D2 /* RegistrationView.swift */ = {isa = PBXFileReference; lastKnownFileType = sourcecode.swift; path = RegistrationView.swift; sourceTree = "<group>"; };
		718EEA632A1CFFF3000625CB /* CheckedContinuation.swift */ = {isa = PBXFileReference; lastKnownFileType = sourcecode.swift; path = CheckedContinuation.swift; sourceTree = "<group>"; };
		718EEA662A1E591F000625CB /* AnimatedChart.swift */ = {isa = PBXFileReference; lastKnownFileType = sourcecode.swift; path = AnimatedChart.swift; sourceTree = "<group>"; };
		718EEA692A1FBA6B000625CB /* HepticView.swift */ = {isa = PBXFileReference; lastKnownFileType = sourcecode.swift; path = HepticView.swift; sourceTree = "<group>"; };
		71A995F32A1BB3B800557DEC /* ListRefreshView.swift */ = {isa = PBXFileReference; lastKnownFileType = sourcecode.swift; path = ListRefreshView.swift; sourceTree = "<group>"; };
		71C95CE92A6AE66600B9C7EA /* GradientButtons.swift */ = {isa = PBXFileReference; lastKnownFileType = sourcecode.swift; path = GradientButtons.swift; sourceTree = "<group>"; };
		71D235162A28F90900A4E3BA /* SFSymbols.swift */ = {isa = PBXFileReference; lastKnownFileType = sourcecode.swift; path = SFSymbols.swift; sourceTree = "<group>"; };
		71E7BA962A65F0D6003029E8 /* InfiniteScrollView.swift */ = {isa = PBXFileReference; lastKnownFileType = sourcecode.swift; path = InfiniteScrollView.swift; sourceTree = "<group>"; };
		71E7BA982A65F0E8003029E8 /* Animal.swift */ = {isa = PBXFileReference; lastKnownFileType = sourcecode.swift; path = Animal.swift; sourceTree = "<group>"; };
		71E7BA9A2A65F111003029E8 /* AnimalArrayObject.swift */ = {isa = PBXFileReference; lastKnownFileType = sourcecode.swift; path = AnimalArrayObject.swift; sourceTree = "<group>"; };
		71E7BAA72A68943E003029E8 /* LikeAnimationView.swift */ = {isa = PBXFileReference; lastKnownFileType = sourcecode.swift; path = LikeAnimationView.swift; sourceTree = "<group>"; };
		71E7BAA92A68951A003029E8 /* LikeView.swift */ = {isa = PBXFileReference; lastKnownFileType = sourcecode.swift; path = LikeView.swift; sourceTree = "<group>"; };
		71F57DA02A51CF8C00211449 /* RatingView.swift */ = {isa = PBXFileReference; lastKnownFileType = sourcecode.swift; path = RatingView.swift; sourceTree = "<group>"; };
		71F62E1F2A5B777D00DD4F27 /* PostView.swift */ = {isa = PBXFileReference; lastKnownFileType = sourcecode.swift; path = PostView.swift; sourceTree = "<group>"; };
/* End PBXFileReference section */

/* Begin PBXFrameworksBuildPhase section */
		71759E9A2A1544A2009C5BA2 /* Frameworks */ = {
			isa = PBXFrameworksBuildPhase;
			buildActionMask = 2147483647;
			files = (
			);
			runOnlyForDeploymentPostprocessing = 0;
		};
		71759EAA2A1544A5009C5BA2 /* Frameworks */ = {
			isa = PBXFrameworksBuildPhase;
			buildActionMask = 2147483647;
			files = (
			);
			runOnlyForDeploymentPostprocessing = 0;
		};
		71759EB42A1544A5009C5BA2 /* Frameworks */ = {
			isa = PBXFrameworksBuildPhase;
			buildActionMask = 2147483647;
			files = (
			);
			runOnlyForDeploymentPostprocessing = 0;
		};
/* End PBXFrameworksBuildPhase section */

/* Begin PBXGroup section */
		711AE8902A62065A0088470D /* 07_14_2023 */ = {
			isa = PBXGroup;
			children = (
				711AE8912A62066D0088470D /* CarouselView.swift */,
			);
			path = 07_14_2023;
			sourceTree = "<group>";
		};
		712FB1292A3100A500644BE5 /* 06_07_2023 */ = {
			isa = PBXGroup;
			children = (
				712FB1272A31009F00644BE5 /* StringPluralization.swift */,
			);
			path = 06_07_2023;
			sourceTree = "<group>";
		};
		713B3AC22A42285C0049D6F4 /* 06_21_2023 */ = {
			isa = PBXGroup;
			children = (
				713B3AC32A4228790049D6F4 /* LoadingView.swift */,
			);
			path = 06_21_2023;
			sourceTree = "<group>";
		};
		713CE0C22A44F88E00442D5E /* 06_22_2023 */ = {
			isa = PBXGroup;
			children = (
				713CE0C52A44FC1200442D5E /* Sounds */,
				713CE0C32A44F8B500442D5E /* SoundEffects.swift */,
			);
			path = 06_22_2023;
			sourceTree = "<group>";
		};
		713CE0C52A44FC1200442D5E /* Sounds */ = {
			isa = PBXGroup;
			children = (
				713CE0C62A44FC1200442D5E /* tada.mp3 */,
				713CE0C72A44FC1200442D5E /* duck.mp3 */,
			);
			path = Sounds;
			sourceTree = "<group>";
		};
		7154694F2A266A3700C89214 /* 05_30_2023 */ = {
			isa = PBXGroup;
			children = (
				715469502A266A5300C89214 /* DefaultButtonViewModifier.swift */,
			);
			path = 05_30_2023;
			sourceTree = "<group>";
		};
		7169B5722A2A8D1B00C49719 /* 06_02_2023 */ = {
			isa = PBXGroup;
			children = (
				7169B5732A2A8D3500C49719 /* MenuBootcamp.swift */,
			);
			path = 06_02_2023;
			sourceTree = "<group>";
		};
		716B19592A6F20D90048999F /* 07_24_2023 */ = {
			isa = PBXGroup;
			children = (
				716B19632A6F22460048999F /* Services */,
				716B19622A6F21A60048999F /* ViewModels */,
				716B195F2A6F21880048999F /* Views */,
				716B195E2A6F21820048999F /* Models */,
			);
			path = 07_24_2023;
			sourceTree = "<group>";
		};
		716B195E2A6F21820048999F /* Models */ = {
			isa = PBXGroup;
			children = (
				716B195C2A6F217B0048999F /* Food.swift */,
			);
			path = Models;
			sourceTree = "<group>";
		};
		716B195F2A6F21880048999F /* Views */ = {
			isa = PBXGroup;
			children = (
				716B195A2A6F21440048999F /* FoodListView.swift */,
				716B19662A6F26120048999F /* FoodView.swift */,
			);
			path = Views;
			sourceTree = "<group>";
		};
		716B19622A6F21A60048999F /* ViewModels */ = {
			isa = PBXGroup;
			children = (
				716B19602A6F21A10048999F /* FoodListViewModel.swift */,
			);
			path = ViewModels;
			sourceTree = "<group>";
		};
		716B19632A6F22460048999F /* Services */ = {
			isa = PBXGroup;
			children = (
				716B19642A6F22580048999F /* FoodListDataService.swift */,
			);
			path = Services;
			sourceTree = "<group>";
		};
		71759E942A1544A2009C5BA2 = {
			isa = PBXGroup;
			children = (
				71759E9F2A1544A2009C5BA2 /* SwiftUIWithKim */,
				71759EB02A1544A5009C5BA2 /* SwiftUIWithKimTests */,
				71759EBA2A1544A5009C5BA2 /* SwiftUIWithKimUITests */,
				71759E9E2A1544A2009C5BA2 /* Products */,
			);
			sourceTree = "<group>";
		};
		71759E9E2A1544A2009C5BA2 /* Products */ = {
			isa = PBXGroup;
			children = (
				71759E9D2A1544A2009C5BA2 /* SwiftUIWithKim.app */,
				71759EAD2A1544A5009C5BA2 /* SwiftUIWithKimTests.xctest */,
				71759EB72A1544A5009C5BA2 /* SwiftUIWithKimUITests.xctest */,
			);
			name = Products;
			sourceTree = "<group>";
		};
		71759E9F2A1544A2009C5BA2 /* SwiftUIWithKim */ = {
			isa = PBXGroup;
			children = (
				71759ECA2A1544BF009C5BA2 /* Learning */,
				71759EA02A1544A2009C5BA2 /* SwiftUIWithKimApp.swift */,
				71759EA22A1544A2009C5BA2 /* ContentView.swift */,
				71759EA42A1544A5009C5BA2 /* Assets.xcassets */,
				71759EA62A1544A5009C5BA2 /* Preview Content */,
			);
			path = SwiftUIWithKim;
			sourceTree = "<group>";
		};
		71759EA62A1544A5009C5BA2 /* Preview Content */ = {
			isa = PBXGroup;
			children = (
				71759EA72A1544A5009C5BA2 /* Preview Assets.xcassets */,
			);
			path = "Preview Content";
			sourceTree = "<group>";
		};
		71759EB02A1544A5009C5BA2 /* SwiftUIWithKimTests */ = {
			isa = PBXGroup;
			children = (
				71759EB12A1544A5009C5BA2 /* SwiftUIWithKimTests.swift */,
			);
			path = SwiftUIWithKimTests;
			sourceTree = "<group>";
		};
		71759EBA2A1544A5009C5BA2 /* SwiftUIWithKimUITests */ = {
			isa = PBXGroup;
			children = (
				71759EBB2A1544A5009C5BA2 /* SwiftUIWithKimUITests.swift */,
				71759EBD2A1544A5009C5BA2 /* SwiftUIWithKimUITestsLaunchTests.swift */,
			);
			path = SwiftUIWithKimUITests;
			sourceTree = "<group>";
		};
		71759ECA2A1544BF009C5BA2 /* Learning */ = {
			isa = PBXGroup;
			children = (
				716B19592A6F20D90048999F /* 07_24_2023 */,
				71C95CE82A6AE65400B9C7EA /* 07_21_2023 */,
				71E7BAA62A689403003029E8 /* 07_19_2023 */,
				71E7BA952A65F0C0003029E8 /* 07_17_2023 */,
				711AE8902A62065A0088470D /* 07_14_2023 */,
				7178541D2A5F5F3100568D86 /* 07_12_2023 */,
				71F62E1E2A5B776200DD4F27 /* 07_09_2023 */,
				71F57D9F2A51CF7900211449 /* 07_02_2023 */,
				718932AE2A4CD62100D320D2 /* 06_28_2023 */,
				718932AB2A4A5F7D00D320D2 /* 06_26_2023 */,
				7178C7A72A47E866009707A0 /* 06_25_2023 */,
				713CE0C22A44F88E00442D5E /* 06_22_2023 */,
				713B3AC22A42285C0049D6F4 /* 06_21_2023 */,
				712FB1292A3100A500644BE5 /* 06_07_2023 */,
				7169B5722A2A8D1B00C49719 /* 06_02_2023 */,
				71D235152A28F8CC00A4E3BA /* 06_01_2023 */,
				7154694F2A266A3700C89214 /* 05_30_2023 */,
				718EEA682A1FBA31000625CB /* 05_25_2023 */,
				718EEA652A1E590D000625CB /* 05_24_2023 */,
				718EEA622A1CFEFC000625CB /* 05_23_2023 */,
				71A995F22A1BB39000557DEC /* 05_22_2023 */,
				7180B2802A1AB7D6001D4A1E /* 05_21_2023 */,
				7180B27B2A1983CD001D4A1E /* 05_20_2023 */,
				7180B2782A182910001D4A1E /* 05_19_2023 */,
				7180B2612A16B972001D4A1E /* 05_18_2023 */,
				71759ECB2A1544CC009C5BA2 /* 05_17_2023 */,
			);
			path = Learning;
			sourceTree = "<group>";
		};
		71759ECB2A1544CC009C5BA2 /* 05_17_2023 */ = {
			isa = PBXGroup;
			children = (
				71759ECC2A15455F009C5BA2 /* AnimatedButton.swift */,
			);
			path = 05_17_2023;
			sourceTree = "<group>";
		};
		7178541D2A5F5F3100568D86 /* 07_12_2023 */ = {
			isa = PBXGroup;
			children = (
				7178541E2A5F5F7000568D86 /* SwipeView.swift */,
			);
			path = 07_12_2023;
			sourceTree = "<group>";
		};
		7178C7A72A47E866009707A0 /* 06_25_2023 */ = {
			isa = PBXGroup;
			children = (
				7178C7A82A47E89E009707A0 /* ButtonStyleLearning.swift */,
			);
			path = 06_25_2023;
			sourceTree = "<group>";
		};
		7180B2612A16B972001D4A1E /* 05_18_2023 */ = {
			isa = PBXGroup;
			children = (
				7180B2622A16B992001D4A1E /* CustomizedHeader.swift */,
			);
			path = 05_18_2023;
			sourceTree = "<group>";
		};
		7180B2782A182910001D4A1E /* 05_19_2023 */ = {
			isa = PBXGroup;
			children = (
				7180B2792A182929001D4A1E /* DoubleExtension.swift */,
			);
			path = 05_19_2023;
			sourceTree = "<group>";
		};
		7180B27B2A1983CD001D4A1E /* 05_20_2023 */ = {
			isa = PBXGroup;
			children = (
				7180B27C2A19845F001D4A1E /* SearchView.swift */,
				7180B27E2A1989AC001D4A1E /* SearchBarView.swift */,
			);
			path = 05_20_2023;
			sourceTree = "<group>";
		};
		7180B2802A1AB7D6001D4A1E /* 05_21_2023 */ = {
			isa = PBXGroup;
			children = (
				7180B2812A1AB850001D4A1E /* LoginView.swift */,
				7180B2832A1ABAE5001D4A1E /* UIApplicationExtension.swift */,
			);
			path = 05_21_2023;
			sourceTree = "<group>";
		};
		718932AB2A4A5F7D00D320D2 /* 06_26_2023 */ = {
			isa = PBXGroup;
			children = (
				718932AC2A4A5F9500D320D2 /* TabBarBadge.swift */,
			);
			path = 06_26_2023;
			sourceTree = "<group>";
		};
		718932AE2A4CD62100D320D2 /* 06_28_2023 */ = {
			isa = PBXGroup;
			children = (
				718932AF2A4CE1DC00D320D2 /* RegistrationView.swift */,
			);
			path = 06_28_2023;
			sourceTree = "<group>";
		};
		718EEA622A1CFEFC000625CB /* 05_23_2023 */ = {
			isa = PBXGroup;
			children = (
				718EEA632A1CFFF3000625CB /* CheckedContinuation.swift */,
			);
			path = 05_23_2023;
			sourceTree = "<group>";
		};
		718EEA652A1E590D000625CB /* 05_24_2023 */ = {
			isa = PBXGroup;
			children = (
				718EEA662A1E591F000625CB /* AnimatedChart.swift */,
			);
			path = 05_24_2023;
			sourceTree = "<group>";
		};
		718EEA682A1FBA31000625CB /* 05_25_2023 */ = {
			isa = PBXGroup;
			children = (
				718EEA692A1FBA6B000625CB /* HepticView.swift */,
			);
			path = 05_25_2023;
			sourceTree = "<group>";
		};
		71A995F22A1BB39000557DEC /* 05_22_2023 */ = {
			isa = PBXGroup;
			children = (
				71A995F32A1BB3B800557DEC /* ListRefreshView.swift */,
			);
			path = 05_22_2023;
			sourceTree = "<group>";
		};
		71C95CE82A6AE65400B9C7EA /* 07_21_2023 */ = {
			isa = PBXGroup;
			children = (
				71C95CE92A6AE66600B9C7EA /* GradientButtons.swift */,
			);
			path = 07_21_2023;
			sourceTree = "<group>";
		};
		71D235152A28F8CC00A4E3BA /* 06_01_2023 */ = {
			isa = PBXGroup;
			children = (
				71D235162A28F90900A4E3BA /* SFSymbols.swift */,
			);
			path = 06_01_2023;
			sourceTree = "<group>";
		};
		71E7BA952A65F0C0003029E8 /* 07_17_2023 */ = {
			isa = PBXGroup;
			children = (
				71E7BA962A65F0D6003029E8 /* InfiniteScrollView.swift */,
				71E7BA982A65F0E8003029E8 /* Animal.swift */,
				71E7BA9A2A65F111003029E8 /* AnimalArrayObject.swift */,
			);
			path = 07_17_2023;
			sourceTree = "<group>";
		};
		71E7BAA62A689403003029E8 /* 07_19_2023 */ = {
			isa = PBXGroup;
			children = (
				71E7BAA72A68943E003029E8 /* LikeAnimationView.swift */,
				71E7BAA92A68951A003029E8 /* LikeView.swift */,
			);
			path = 07_19_2023;
			sourceTree = "<group>";
		};
		71F57D9F2A51CF7900211449 /* 07_02_2023 */ = {
			isa = PBXGroup;
			children = (
				71F57DA02A51CF8C00211449 /* RatingView.swift */,
			);
			path = 07_02_2023;
			sourceTree = "<group>";
		};
		71F62E1E2A5B776200DD4F27 /* 07_09_2023 */ = {
			isa = PBXGroup;
			children = (
				71F62E1F2A5B777D00DD4F27 /* PostView.swift */,
			);
			path = 07_09_2023;
			sourceTree = "<group>";
		};
/* End PBXGroup section */

/* Begin PBXNativeTarget section */
		71759E9C2A1544A2009C5BA2 /* SwiftUIWithKim */ = {
			isa = PBXNativeTarget;
			buildConfigurationList = 71759EC12A1544A5009C5BA2 /* Build configuration list for PBXNativeTarget "SwiftUIWithKim" */;
			buildPhases = (
				71759E992A1544A2009C5BA2 /* Sources */,
				71759E9A2A1544A2009C5BA2 /* Frameworks */,
				71759E9B2A1544A2009C5BA2 /* Resources */,
			);
			buildRules = (
			);
			dependencies = (
			);
			name = SwiftUIWithKim;
			productName = SwiftUIWithKim;
			productReference = 71759E9D2A1544A2009C5BA2 /* SwiftUIWithKim.app */;
			productType = "com.apple.product-type.application";
		};
		71759EAC2A1544A5009C5BA2 /* SwiftUIWithKimTests */ = {
			isa = PBXNativeTarget;
			buildConfigurationList = 71759EC42A1544A5009C5BA2 /* Build configuration list for PBXNativeTarget "SwiftUIWithKimTests" */;
			buildPhases = (
				71759EA92A1544A5009C5BA2 /* Sources */,
				71759EAA2A1544A5009C5BA2 /* Frameworks */,
				71759EAB2A1544A5009C5BA2 /* Resources */,
			);
			buildRules = (
			);
			dependencies = (
				71759EAF2A1544A5009C5BA2 /* PBXTargetDependency */,
			);
			name = SwiftUIWithKimTests;
			productName = SwiftUIWithKimTests;
			productReference = 71759EAD2A1544A5009C5BA2 /* SwiftUIWithKimTests.xctest */;
			productType = "com.apple.product-type.bundle.unit-test";
		};
		71759EB62A1544A5009C5BA2 /* SwiftUIWithKimUITests */ = {
			isa = PBXNativeTarget;
			buildConfigurationList = 71759EC72A1544A5009C5BA2 /* Build configuration list for PBXNativeTarget "SwiftUIWithKimUITests" */;
			buildPhases = (
				71759EB32A1544A5009C5BA2 /* Sources */,
				71759EB42A1544A5009C5BA2 /* Frameworks */,
				71759EB52A1544A5009C5BA2 /* Resources */,
			);
			buildRules = (
			);
			dependencies = (
				71759EB92A1544A5009C5BA2 /* PBXTargetDependency */,
			);
			name = SwiftUIWithKimUITests;
			productName = SwiftUIWithKimUITests;
			productReference = 71759EB72A1544A5009C5BA2 /* SwiftUIWithKimUITests.xctest */;
			productType = "com.apple.product-type.bundle.ui-testing";
		};
/* End PBXNativeTarget section */

/* Begin PBXProject section */
		71759E952A1544A2009C5BA2 /* Project object */ = {
			isa = PBXProject;
			attributes = {
				BuildIndependentTargetsInParallel = 1;
				LastSwiftUpdateCheck = 1430;
				LastUpgradeCheck = 1430;
				TargetAttributes = {
					71759E9C2A1544A2009C5BA2 = {
						CreatedOnToolsVersion = 14.3;
					};
					71759EAC2A1544A5009C5BA2 = {
						CreatedOnToolsVersion = 14.3;
						TestTargetID = 71759E9C2A1544A2009C5BA2;
					};
					71759EB62A1544A5009C5BA2 = {
						CreatedOnToolsVersion = 14.3;
						TestTargetID = 71759E9C2A1544A2009C5BA2;
					};
				};
			};
			buildConfigurationList = 71759E982A1544A2009C5BA2 /* Build configuration list for PBXProject "SwiftUIWithKim" */;
			compatibilityVersion = "Xcode 14.0";
			developmentRegion = en;
			hasScannedForEncodings = 0;
			knownRegions = (
				en,
				Base,
			);
			mainGroup = 71759E942A1544A2009C5BA2;
			productRefGroup = 71759E9E2A1544A2009C5BA2 /* Products */;
			projectDirPath = "";
			projectRoot = "";
			targets = (
				71759E9C2A1544A2009C5BA2 /* SwiftUIWithKim */,
				71759EAC2A1544A5009C5BA2 /* SwiftUIWithKimTests */,
				71759EB62A1544A5009C5BA2 /* SwiftUIWithKimUITests */,
			);
		};
/* End PBXProject section */

/* Begin PBXResourcesBuildPhase section */
		71759E9B2A1544A2009C5BA2 /* Resources */ = {
			isa = PBXResourcesBuildPhase;
			buildActionMask = 2147483647;
			files = (
				71759EA82A1544A5009C5BA2 /* Preview Assets.xcassets in Resources */,
				713CE0C92A44FC1200442D5E /* duck.mp3 in Resources */,
				71759EA52A1544A5009C5BA2 /* Assets.xcassets in Resources */,
				713CE0C82A44FC1200442D5E /* tada.mp3 in Resources */,
			);
			runOnlyForDeploymentPostprocessing = 0;
		};
		71759EAB2A1544A5009C5BA2 /* Resources */ = {
			isa = PBXResourcesBuildPhase;
			buildActionMask = 2147483647;
			files = (
			);
			runOnlyForDeploymentPostprocessing = 0;
		};
		71759EB52A1544A5009C5BA2 /* Resources */ = {
			isa = PBXResourcesBuildPhase;
			buildActionMask = 2147483647;
			files = (
			);
			runOnlyForDeploymentPostprocessing = 0;
		};
/* End PBXResourcesBuildPhase section */

/* Begin PBXSourcesBuildPhase section */
		71759E992A1544A2009C5BA2 /* Sources */ = {
			isa = PBXSourcesBuildPhase;
			buildActionMask = 2147483647;
			files = (
				7180B27A2A182929001D4A1E /* DoubleExtension.swift in Sources */,
				718932AD2A4A5F9500D320D2 /* TabBarBadge.swift in Sources */,
				71E7BA972A65F0D6003029E8 /* InfiniteScrollView.swift in Sources */,
				713CE0C42A44F8B500442D5E /* SoundEffects.swift in Sources */,
				71759EA32A1544A2009C5BA2 /* ContentView.swift in Sources */,
				71D235172A28F90900A4E3BA /* SFSymbols.swift in Sources */,
				71F62E202A5B777D00DD4F27 /* PostView.swift in Sources */,
				711AE8922A62066D0088470D /* CarouselView.swift in Sources */,
				71A995F42A1BB3B800557DEC /* ListRefreshView.swift in Sources */,
				715469512A266A5300C89214 /* DefaultButtonViewModifier.swift in Sources */,
				71F57DA12A51CF8C00211449 /* RatingView.swift in Sources */,
				716B195D2A6F217B0048999F /* Food.swift in Sources */,
				716B19672A6F26120048999F /* FoodView.swift in Sources */,
				7180B2632A16B992001D4A1E /* CustomizedHeader.swift in Sources */,
				7180B27F2A1989AC001D4A1E /* SearchBarView.swift in Sources */,
				71C95CEA2A6AE66600B9C7EA /* GradientButtons.swift in Sources */,
				7169B5742A2A8D3500C49719 /* MenuBootcamp.swift in Sources */,
				71759ECD2A15455F009C5BA2 /* AnimatedButton.swift in Sources */,
				716B19612A6F21A10048999F /* FoodListViewModel.swift in Sources */,
				7178541F2A5F5F7000568D86 /* SwipeView.swift in Sources */,
				718932B02A4CE1DC00D320D2 /* RegistrationView.swift in Sources */,
				7180B27D2A19845F001D4A1E /* SearchView.swift in Sources */,
				71E7BAA82A68943E003029E8 /* LikeAnimationView.swift in Sources */,
				71E7BA9B2A65F111003029E8 /* AnimalArrayObject.swift in Sources */,
				716B19652A6F22580048999F /* FoodListDataService.swift in Sources */,
				716B195B2A6F21440048999F /* FoodListView.swift in Sources */,
				718EEA642A1CFFF3000625CB /* CheckedContinuation.swift in Sources */,
				718EEA6A2A1FBA6B000625CB /* HepticView.swift in Sources */,
				7178C7A92A47E89E009707A0 /* ButtonStyleLearning.swift in Sources */,
				712FB1282A31009F00644BE5 /* StringPluralization.swift in Sources */,
				7180B2842A1ABAE5001D4A1E /* UIApplicationExtension.swift in Sources */,
				7180B2822A1AB850001D4A1E /* LoginView.swift in Sources */,
				71759EA12A1544A2009C5BA2 /* SwiftUIWithKimApp.swift in Sources */,
				71E7BA992A65F0E8003029E8 /* Animal.swift in Sources */,
				71E7BAAA2A68951A003029E8 /* LikeView.swift in Sources */,
				718EEA672A1E591F000625CB /* AnimatedChart.swift in Sources */,
				713B3AC42A4228790049D6F4 /* LoadingView.swift in Sources */,
			);
			runOnlyForDeploymentPostprocessing = 0;
		};
		71759EA92A1544A5009C5BA2 /* Sources */ = {
			isa = PBXSourcesBuildPhase;
			buildActionMask = 2147483647;
			files = (
				71759EB22A1544A5009C5BA2 /* SwiftUIWithKimTests.swift in Sources */,
			);
			runOnlyForDeploymentPostprocessing = 0;
		};
		71759EB32A1544A5009C5BA2 /* Sources */ = {
			isa = PBXSourcesBuildPhase;
			buildActionMask = 2147483647;
			files = (
				71759EBE2A1544A5009C5BA2 /* SwiftUIWithKimUITestsLaunchTests.swift in Sources */,
				71759EBC2A1544A5009C5BA2 /* SwiftUIWithKimUITests.swift in Sources */,
			);
			runOnlyForDeploymentPostprocessing = 0;
		};
/* End PBXSourcesBuildPhase section */

/* Begin PBXTargetDependency section */
		71759EAF2A1544A5009C5BA2 /* PBXTargetDependency */ = {
			isa = PBXTargetDependency;
			target = 71759E9C2A1544A2009C5BA2 /* SwiftUIWithKim */;
			targetProxy = 71759EAE2A1544A5009C5BA2 /* PBXContainerItemProxy */;
		};
		71759EB92A1544A5009C5BA2 /* PBXTargetDependency */ = {
			isa = PBXTargetDependency;
			target = 71759E9C2A1544A2009C5BA2 /* SwiftUIWithKim */;
			targetProxy = 71759EB82A1544A5009C5BA2 /* PBXContainerItemProxy */;
		};
/* End PBXTargetDependency section */

/* Begin XCBuildConfiguration section */
		71759EBF2A1544A5009C5BA2 /* Debug */ = {
			isa = XCBuildConfiguration;
			buildSettings = {
				ALWAYS_SEARCH_USER_PATHS = NO;
				CLANG_ANALYZER_NONNULL = YES;
				CLANG_ANALYZER_NUMBER_OBJECT_CONVERSION = YES_AGGRESSIVE;
				CLANG_CXX_LANGUAGE_STANDARD = "gnu++20";
				CLANG_ENABLE_MODULES = YES;
				CLANG_ENABLE_OBJC_ARC = YES;
				CLANG_ENABLE_OBJC_WEAK = YES;
				CLANG_WARN_BLOCK_CAPTURE_AUTORELEASING = YES;
				CLANG_WARN_BOOL_CONVERSION = YES;
				CLANG_WARN_COMMA = YES;
				CLANG_WARN_CONSTANT_CONVERSION = YES;
				CLANG_WARN_DEPRECATED_OBJC_IMPLEMENTATIONS = YES;
				CLANG_WARN_DIRECT_OBJC_ISA_USAGE = YES_ERROR;
				CLANG_WARN_DOCUMENTATION_COMMENTS = YES;
				CLANG_WARN_EMPTY_BODY = YES;
				CLANG_WARN_ENUM_CONVERSION = YES;
				CLANG_WARN_INFINITE_RECURSION = YES;
				CLANG_WARN_INT_CONVERSION = YES;
				CLANG_WARN_NON_LITERAL_NULL_CONVERSION = YES;
				CLANG_WARN_OBJC_IMPLICIT_RETAIN_SELF = YES;
				CLANG_WARN_OBJC_LITERAL_CONVERSION = YES;
				CLANG_WARN_OBJC_ROOT_CLASS = YES_ERROR;
				CLANG_WARN_QUOTED_INCLUDE_IN_FRAMEWORK_HEADER = YES;
				CLANG_WARN_RANGE_LOOP_ANALYSIS = YES;
				CLANG_WARN_STRICT_PROTOTYPES = YES;
				CLANG_WARN_SUSPICIOUS_MOVE = YES;
				CLANG_WARN_UNGUARDED_AVAILABILITY = YES_AGGRESSIVE;
				CLANG_WARN_UNREACHABLE_CODE = YES;
				CLANG_WARN__DUPLICATE_METHOD_MATCH = YES;
				COPY_PHASE_STRIP = NO;
				DEBUG_INFORMATION_FORMAT = dwarf;
				ENABLE_STRICT_OBJC_MSGSEND = YES;
				ENABLE_TESTABILITY = YES;
				GCC_C_LANGUAGE_STANDARD = gnu11;
				GCC_DYNAMIC_NO_PIC = NO;
				GCC_NO_COMMON_BLOCKS = YES;
				GCC_OPTIMIZATION_LEVEL = 0;
				GCC_PREPROCESSOR_DEFINITIONS = (
					"DEBUG=1",
					"$(inherited)",
				);
				GCC_WARN_64_TO_32_BIT_CONVERSION = YES;
				GCC_WARN_ABOUT_RETURN_TYPE = YES_ERROR;
				GCC_WARN_UNDECLARED_SELECTOR = YES;
				GCC_WARN_UNINITIALIZED_AUTOS = YES_AGGRESSIVE;
				GCC_WARN_UNUSED_FUNCTION = YES;
				GCC_WARN_UNUSED_VARIABLE = YES;
				IPHONEOS_DEPLOYMENT_TARGET = 16.4;
				MTL_ENABLE_DEBUG_INFO = INCLUDE_SOURCE;
				MTL_FAST_MATH = YES;
				ONLY_ACTIVE_ARCH = YES;
				SDKROOT = iphoneos;
				SWIFT_ACTIVE_COMPILATION_CONDITIONS = DEBUG;
				SWIFT_OPTIMIZATION_LEVEL = "-Onone";
			};
			name = Debug;
		};
		71759EC02A1544A5009C5BA2 /* Release */ = {
			isa = XCBuildConfiguration;
			buildSettings = {
				ALWAYS_SEARCH_USER_PATHS = NO;
				CLANG_ANALYZER_NONNULL = YES;
				CLANG_ANALYZER_NUMBER_OBJECT_CONVERSION = YES_AGGRESSIVE;
				CLANG_CXX_LANGUAGE_STANDARD = "gnu++20";
				CLANG_ENABLE_MODULES = YES;
				CLANG_ENABLE_OBJC_ARC = YES;
				CLANG_ENABLE_OBJC_WEAK = YES;
				CLANG_WARN_BLOCK_CAPTURE_AUTORELEASING = YES;
				CLANG_WARN_BOOL_CONVERSION = YES;
				CLANG_WARN_COMMA = YES;
				CLANG_WARN_CONSTANT_CONVERSION = YES;
				CLANG_WARN_DEPRECATED_OBJC_IMPLEMENTATIONS = YES;
				CLANG_WARN_DIRECT_OBJC_ISA_USAGE = YES_ERROR;
				CLANG_WARN_DOCUMENTATION_COMMENTS = YES;
				CLANG_WARN_EMPTY_BODY = YES;
				CLANG_WARN_ENUM_CONVERSION = YES;
				CLANG_WARN_INFINITE_RECURSION = YES;
				CLANG_WARN_INT_CONVERSION = YES;
				CLANG_WARN_NON_LITERAL_NULL_CONVERSION = YES;
				CLANG_WARN_OBJC_IMPLICIT_RETAIN_SELF = YES;
				CLANG_WARN_OBJC_LITERAL_CONVERSION = YES;
				CLANG_WARN_OBJC_ROOT_CLASS = YES_ERROR;
				CLANG_WARN_QUOTED_INCLUDE_IN_FRAMEWORK_HEADER = YES;
				CLANG_WARN_RANGE_LOOP_ANALYSIS = YES;
				CLANG_WARN_STRICT_PROTOTYPES = YES;
				CLANG_WARN_SUSPICIOUS_MOVE = YES;
				CLANG_WARN_UNGUARDED_AVAILABILITY = YES_AGGRESSIVE;
				CLANG_WARN_UNREACHABLE_CODE = YES;
				CLANG_WARN__DUPLICATE_METHOD_MATCH = YES;
				COPY_PHASE_STRIP = NO;
				DEBUG_INFORMATION_FORMAT = "dwarf-with-dsym";
				ENABLE_NS_ASSERTIONS = NO;
				ENABLE_STRICT_OBJC_MSGSEND = YES;
				GCC_C_LANGUAGE_STANDARD = gnu11;
				GCC_NO_COMMON_BLOCKS = YES;
				GCC_WARN_64_TO_32_BIT_CONVERSION = YES;
				GCC_WARN_ABOUT_RETURN_TYPE = YES_ERROR;
				GCC_WARN_UNDECLARED_SELECTOR = YES;
				GCC_WARN_UNINITIALIZED_AUTOS = YES_AGGRESSIVE;
				GCC_WARN_UNUSED_FUNCTION = YES;
				GCC_WARN_UNUSED_VARIABLE = YES;
				IPHONEOS_DEPLOYMENT_TARGET = 16.4;
				MTL_ENABLE_DEBUG_INFO = NO;
				MTL_FAST_MATH = YES;
				SDKROOT = iphoneos;
				SWIFT_COMPILATION_MODE = wholemodule;
				SWIFT_OPTIMIZATION_LEVEL = "-O";
				VALIDATE_PRODUCT = YES;
			};
			name = Release;
		};
		71759EC22A1544A5009C5BA2 /* Debug */ = {
			isa = XCBuildConfiguration;
			buildSettings = {
				ASSETCATALOG_COMPILER_APPICON_NAME = AppIcon;
				ASSETCATALOG_COMPILER_GLOBAL_ACCENT_COLOR_NAME = AccentColor;
				CODE_SIGN_STYLE = Automatic;
				CURRENT_PROJECT_VERSION = 1;
				DEVELOPMENT_ASSET_PATHS = "\"SwiftUIWithKim/Preview Content\"";
				DEVELOPMENT_TEAM = 89BV38HZUZ;
				ENABLE_PREVIEWS = YES;
				GENERATE_INFOPLIST_FILE = YES;
				INFOPLIST_KEY_UIApplicationSceneManifest_Generation = YES;
				INFOPLIST_KEY_UIApplicationSupportsIndirectInputEvents = YES;
				INFOPLIST_KEY_UILaunchScreen_Generation = YES;
				INFOPLIST_KEY_UISupportedInterfaceOrientations_iPad = "UIInterfaceOrientationPortrait UIInterfaceOrientationPortraitUpsideDown UIInterfaceOrientationLandscapeLeft UIInterfaceOrientationLandscapeRight";
				INFOPLIST_KEY_UISupportedInterfaceOrientations_iPhone = "UIInterfaceOrientationPortrait UIInterfaceOrientationLandscapeLeft UIInterfaceOrientationLandscapeRight";
				LD_RUNPATH_SEARCH_PATHS = (
					"$(inherited)",
					"@executable_path/Frameworks",
				);
				MARKETING_VERSION = 1.0;
				PRODUCT_BUNDLE_IDENTIFIER = com.kimleng.SwiftUIWithKim;
				PRODUCT_NAME = "$(TARGET_NAME)";
				SWIFT_EMIT_LOC_STRINGS = YES;
				SWIFT_VERSION = 5.0;
				TARGETED_DEVICE_FAMILY = "1,2";
			};
			name = Debug;
		};
		71759EC32A1544A5009C5BA2 /* Release */ = {
			isa = XCBuildConfiguration;
			buildSettings = {
				ASSETCATALOG_COMPILER_APPICON_NAME = AppIcon;
				ASSETCATALOG_COMPILER_GLOBAL_ACCENT_COLOR_NAME = AccentColor;
				CODE_SIGN_STYLE = Automatic;
				CURRENT_PROJECT_VERSION = 1;
				DEVELOPMENT_ASSET_PATHS = "\"SwiftUIWithKim/Preview Content\"";
				DEVELOPMENT_TEAM = 89BV38HZUZ;
				ENABLE_PREVIEWS = YES;
				GENERATE_INFOPLIST_FILE = YES;
				INFOPLIST_KEY_UIApplicationSceneManifest_Generation = YES;
				INFOPLIST_KEY_UIApplicationSupportsIndirectInputEvents = YES;
				INFOPLIST_KEY_UILaunchScreen_Generation = YES;
				INFOPLIST_KEY_UISupportedInterfaceOrientations_iPad = "UIInterfaceOrientationPortrait UIInterfaceOrientationPortraitUpsideDown UIInterfaceOrientationLandscapeLeft UIInterfaceOrientationLandscapeRight";
				INFOPLIST_KEY_UISupportedInterfaceOrientations_iPhone = "UIInterfaceOrientationPortrait UIInterfaceOrientationLandscapeLeft UIInterfaceOrientationLandscapeRight";
				LD_RUNPATH_SEARCH_PATHS = (
					"$(inherited)",
					"@executable_path/Frameworks",
				);
				MARKETING_VERSION = 1.0;
				PRODUCT_BUNDLE_IDENTIFIER = com.kimleng.SwiftUIWithKim;
				PRODUCT_NAME = "$(TARGET_NAME)";
				SWIFT_EMIT_LOC_STRINGS = YES;
				SWIFT_VERSION = 5.0;
				TARGETED_DEVICE_FAMILY = "1,2";
			};
			name = Release;
		};
		71759EC52A1544A5009C5BA2 /* Debug */ = {
			isa = XCBuildConfiguration;
			buildSettings = {
				ALWAYS_EMBED_SWIFT_STANDARD_LIBRARIES = YES;
				BUNDLE_LOADER = "$(TEST_HOST)";
				CODE_SIGN_STYLE = Automatic;
				CURRENT_PROJECT_VERSION = 1;
				DEVELOPMENT_TEAM = 89BV38HZUZ;
				GENERATE_INFOPLIST_FILE = YES;
				IPHONEOS_DEPLOYMENT_TARGET = 16.4;
				MARKETING_VERSION = 1.0;
				PRODUCT_BUNDLE_IDENTIFIER = com.kimleng.SwiftUIWithKimTests;
				PRODUCT_NAME = "$(TARGET_NAME)";
				SWIFT_EMIT_LOC_STRINGS = NO;
				SWIFT_VERSION = 5.0;
				TARGETED_DEVICE_FAMILY = "1,2";
				TEST_HOST = "$(BUILT_PRODUCTS_DIR)/SwiftUIWithKim.app/$(BUNDLE_EXECUTABLE_FOLDER_PATH)/SwiftUIWithKim";
			};
			name = Debug;
		};
		71759EC62A1544A5009C5BA2 /* Release */ = {
			isa = XCBuildConfiguration;
			buildSettings = {
				ALWAYS_EMBED_SWIFT_STANDARD_LIBRARIES = YES;
				BUNDLE_LOADER = "$(TEST_HOST)";
				CODE_SIGN_STYLE = Automatic;
				CURRENT_PROJECT_VERSION = 1;
				DEVELOPMENT_TEAM = 89BV38HZUZ;
				GENERATE_INFOPLIST_FILE = YES;
				IPHONEOS_DEPLOYMENT_TARGET = 16.4;
				MARKETING_VERSION = 1.0;
				PRODUCT_BUNDLE_IDENTIFIER = com.kimleng.SwiftUIWithKimTests;
				PRODUCT_NAME = "$(TARGET_NAME)";
				SWIFT_EMIT_LOC_STRINGS = NO;
				SWIFT_VERSION = 5.0;
				TARGETED_DEVICE_FAMILY = "1,2";
				TEST_HOST = "$(BUILT_PRODUCTS_DIR)/SwiftUIWithKim.app/$(BUNDLE_EXECUTABLE_FOLDER_PATH)/SwiftUIWithKim";
			};
			name = Release;
		};
		71759EC82A1544A5009C5BA2 /* Debug */ = {
			isa = XCBuildConfiguration;
			buildSettings = {
				ALWAYS_EMBED_SWIFT_STANDARD_LIBRARIES = YES;
				CODE_SIGN_STYLE = Automatic;
				CURRENT_PROJECT_VERSION = 1;
				DEVELOPMENT_TEAM = 89BV38HZUZ;
				GENERATE_INFOPLIST_FILE = YES;
				MARKETING_VERSION = 1.0;
				PRODUCT_BUNDLE_IDENTIFIER = com.kimleng.SwiftUIWithKimUITests;
				PRODUCT_NAME = "$(TARGET_NAME)";
				SWIFT_EMIT_LOC_STRINGS = NO;
				SWIFT_VERSION = 5.0;
				TARGETED_DEVICE_FAMILY = "1,2";
				TEST_TARGET_NAME = SwiftUIWithKim;
			};
			name = Debug;
		};
		71759EC92A1544A5009C5BA2 /* Release */ = {
			isa = XCBuildConfiguration;
			buildSettings = {
				ALWAYS_EMBED_SWIFT_STANDARD_LIBRARIES = YES;
				CODE_SIGN_STYLE = Automatic;
				CURRENT_PROJECT_VERSION = 1;
				DEVELOPMENT_TEAM = 89BV38HZUZ;
				GENERATE_INFOPLIST_FILE = YES;
				MARKETING_VERSION = 1.0;
				PRODUCT_BUNDLE_IDENTIFIER = com.kimleng.SwiftUIWithKimUITests;
				PRODUCT_NAME = "$(TARGET_NAME)";
				SWIFT_EMIT_LOC_STRINGS = NO;
				SWIFT_VERSION = 5.0;
				TARGETED_DEVICE_FAMILY = "1,2";
				TEST_TARGET_NAME = SwiftUIWithKim;
			};
			name = Release;
		};
/* End XCBuildConfiguration section */

/* Begin XCConfigurationList section */
		71759E982A1544A2009C5BA2 /* Build configuration list for PBXProject "SwiftUIWithKim" */ = {
			isa = XCConfigurationList;
			buildConfigurations = (
				71759EBF2A1544A5009C5BA2 /* Debug */,
				71759EC02A1544A5009C5BA2 /* Release */,
			);
			defaultConfigurationIsVisible = 0;
			defaultConfigurationName = Release;
		};
		71759EC12A1544A5009C5BA2 /* Build configuration list for PBXNativeTarget "SwiftUIWithKim" */ = {
			isa = XCConfigurationList;
			buildConfigurations = (
				71759EC22A1544A5009C5BA2 /* Debug */,
				71759EC32A1544A5009C5BA2 /* Release */,
			);
			defaultConfigurationIsVisible = 0;
			defaultConfigurationName = Release;
		};
		71759EC42A1544A5009C5BA2 /* Build configuration list for PBXNativeTarget "SwiftUIWithKimTests" */ = {
			isa = XCConfigurationList;
			buildConfigurations = (
				71759EC52A1544A5009C5BA2 /* Debug */,
				71759EC62A1544A5009C5BA2 /* Release */,
			);
			defaultConfigurationIsVisible = 0;
			defaultConfigurationName = Release;
		};
		71759EC72A1544A5009C5BA2 /* Build configuration list for PBXNativeTarget "SwiftUIWithKimUITests" */ = {
			isa = XCConfigurationList;
			buildConfigurations = (
				71759EC82A1544A5009C5BA2 /* Debug */,
				71759EC92A1544A5009C5BA2 /* Release */,
			);
			defaultConfigurationIsVisible = 0;
			defaultConfigurationName = Release;
		};
/* End XCConfigurationList section */
	};
	rootObject = 71759E952A1544A2009C5BA2 /* Project object */;
}
